
Microsoft Visual Studio Solution File, Format Version 11.00
# Visual Studio 2010
Project("{FAE04EC0-301F-11D3-BF4B-00C04F79EFBC}") = "Assembly-CSharp", "Assembly-CSharp.csproj", "{8441f412-22a4-275f-22e6-507969043f15}"
EndProject
Project("{FAE04EC0-301F-11D3-BF4B-00C04F79EFBC}") = "YooAsset", "YooAsset.csproj", "{cfdb1a83-9f43-7d59-49e2-6d192ea8a9dc}"
EndProject
Project("{FAE04EC0-301F-11D3-BF4B-00C04F79EFBC}") = "Pool", "Pool.csproj", "{b4592495-c8db-02de-1739-696cfe9efbaf}"
EndProject
Project("{FAE04EC0-301F-11D3-BF4B-00C04F79EFBC}") = "UniMachine", "UniMachine.csproj", "{3b7c9a9f-ef96-cc8f-03ea-5b424e935578}"
EndProject
Project("{FAE04EC0-301F-11D3-BF4B-00C04F79EFBC}") = "Singleton", "Singleton.csproj", "{bd9d57b0-f403-a339-e094-cb21eb1f5c46}"
EndProject
Project("{FAE04EC0-301F-11D3-BF4B-00C04F79EFBC}") = "TypeEvent", "TypeEvent.csproj", "{9bc596d4-182d-940d-06b6-5e49b42cb8da}"
EndProject
Project("{FAE04EC0-301F-11D3-BF4B-00C04F79EFBC}") = "Logger", "Logger.csproj", "{b86da3fe-c38f-4618-621f-22f6a89ae3c4}"
EndProject
Project("{FAE04EC0-301F-11D3-BF4B-00C04F79EFBC}") = "YooAsset.Editor", "YooAsset.Editor.csproj", "{8b0eb05a-e832-3f7b-463f-6bed0d05859a}"
EndProject
Project("{FAE04EC0-301F-11D3-BF4B-00C04F79EFBC}") = "Assembly-CSharp-Editor", "Assembly-CSharp-Editor.csproj", "{9cf74455-0653-9f90-c855-53d6959d5dfd}"
EndProject
Project("{FAE04EC0-301F-11D3-BF4B-00C04F79EFBC}") = "Assembly-CSharp-firstpass", "Assembly-CSharp-firstpass.csproj", "{8e399d07-fc4a-7ecd-7881-f923d075ebd1}"
EndProject
Global
	GlobalSection(SolutionConfigurationPlatforms) = preSolution
		Debug|Any CPU = Debug|Any CPU
	EndGlobalSection
	GlobalSection(ProjectConfigurationPlatforms) = postSolution
		{8441f412-22a4-275f-22e6-507969043f15}.Debug|Any CPU.ActiveCfg = Debug|Any CPU
		{8441f412-22a4-275f-22e6-507969043f15}.Debug|Any CPU.Build.0 = Debug|Any CPU
		{cfdb1a83-9f43-7d59-49e2-6d192ea8a9dc}.Debug|Any CPU.ActiveCfg = Debug|Any CPU
		{cfdb1a83-9f43-7d59-49e2-6d192ea8a9dc}.Debug|Any CPU.Build.0 = Debug|Any CPU
		{b4592495-c8db-02de-1739-696cfe9efbaf}.Debug|Any CPU.ActiveCfg = Debug|Any CPU
		{b4592495-c8db-02de-1739-696cfe9efbaf}.Debug|Any CPU.Build.0 = Debug|Any CPU
		{3b7c9a9f-ef96-cc8f-03ea-5b424e935578}.Debug|Any CPU.ActiveCfg = Debug|Any CPU
		{3b7c9a9f-ef96-cc8f-03ea-5b424e935578}.Debug|Any CPU.Build.0 = Debug|Any CPU
		{bd9d57b0-f403-a339-e094-cb21eb1f5c46}.Debug|Any CPU.ActiveCfg = Debug|Any CPU
		{bd9d57b0-f403-a339-e094-cb21eb1f5c46}.Debug|Any CPU.Build.0 = Debug|Any CPU
		{9bc596d4-182d-940d-06b6-5e49b42cb8da}.Debug|Any CPU.ActiveCfg = Debug|Any CPU
		{9bc596d4-182d-940d-06b6-5e49b42cb8da}.Debug|Any CPU.Build.0 = Debug|Any CPU
		{b86da3fe-c38f-4618-621f-22f6a89ae3c4}.Debug|Any CPU.ActiveCfg = Debug|Any CPU
		{b86da3fe-c38f-4618-621f-22f6a89ae3c4}.Debug|Any CPU.Build.0 = Debug|Any CPU
		{8b0eb05a-e832-3f7b-463f-6bed0d05859a}.Debug|Any CPU.ActiveCfg = Debug|Any CPU
		{8b0eb05a-e832-3f7b-463f-6bed0d05859a}.Debug|Any CPU.Build.0 = Debug|Any CPU
		{9cf74455-0653-9f90-c855-53d6959d5dfd}.Debug|Any CPU.ActiveCfg = Debug|Any CPU
		{9cf74455-0653-9f90-c855-53d6959d5dfd}.Debug|Any CPU.Build.0 = Debug|Any CPU
		{8e399d07-fc4a-7ecd-7881-f923d075ebd1}.Debug|Any CPU.ActiveCfg = Debug|Any CPU
		{8e399d07-fc4a-7ecd-7881-f923d075ebd1}.Debug|Any CPU.Build.0 = Debug|Any CPU
	EndGlobalSection
	GlobalSection(SolutionProperties) = preSolution
		HideSolutionNode = FALSE
	EndGlobalSection
EndGlobal
